
Microsoft Visual Studio Solution File, Format Version 12.00
# Visual Studio Version 17
VisualStudioVersion = 17.0.32126.317
MinimumVisualStudioVersion = 10.0.40219.1
Project("{FAE04EC0-301F-11D3-BF4B-00C04F79EFBC}") = "UserAdminInterface", "UserAdminInterface\UserAdminInterface.csproj", "{0731E4DA-0393-4C0E-9E8D-3DCF0FC553C8}"
EndProject
Global
	GlobalSection(SolutionConfigurationPlatforms) = preSolution
		Debug|Any CPU = Debug|Any CPU
		Release|Any CPU = Release|Any CPU
	EndGlobalSection
	GlobalSection(ProjectConfigurationPlatforms) = postSolution
		{0731E4DA-0393-4C0E-9E8D-3DCF0FC553C8}.Debug|Any CPU.ActiveCfg = Debug|Any CPU
		{0731E4DA-0393-4C0E-9E8D-3DCF0FC553C8}.Debug|Any CPU.Build.0 = Debug|Any CPU
		{0731E4DA-0393-4C0E-9E8D-3DCF0FC553C8}.Release|Any CPU.ActiveCfg = Release|Any CPU
		{0731E4DA-0393-4C0E-9E8D-3DCF0FC553C8}.Release|Any CPU.Build.0 = Release|Any CPU
	EndGlobalSection
	GlobalSection(SolutionProperties) = preSolution
		HideSolutionNode = FALSE
	EndGlobalSection
	GlobalSection(ExtensibilityGlobals) = postSolution
		SolutionGuid = {6BC01131-136A-43D4-BE74-47449D9978C4}
	EndGlobalSection
EndGlobal
